
Microsoft Visual Studio Solution File, Format Version 12.00
# Visual Studio 15
VisualStudioVersion = 15.0.26124.0
MinimumVisualStudioVersion = 15.0.26124.0
Project("{FAE04EC0-301F-11D3-BF4B-00C04F79EFBC}") = "Domain", "Domain\Domain.csproj", "{4D78D916-9EC4-4A42-9582-F903782C4225}"
EndProject
Project("{FAE04EC0-301F-11D3-BF4B-00C04F79EFBC}") = "Application", "Application\Application.csproj", "{D611DD58-AFCC-4F99-8972-3D968ACA3AD4}"
EndProject
Project("{FAE04EC0-301F-11D3-BF4B-00C04F79EFBC}") = "Persistence", "Persistence\Persistence.csproj", "{F8961919-030C-462C-A0D4-2A30FCF62ED7}"
EndProject
Project("{FAE04EC0-301F-11D3-BF4B-00C04F79EFBC}") = "API", "API\API.csproj", "{9DAA57EE-E338-4589-845F-4D6F11387944}"
EndProject
Project("{FAE04EC0-301F-11D3-BF4B-00C04F79EFBC}") = "Infrastructure", "Infrastructure\Infrastructure.csproj", "{0E70A25A-5443-450A-841E-CDD728F59432}"
EndProject
Global
	GlobalSection(SolutionConfigurationPlatforms) = preSolution
		Debug|Any CPU = Debug|Any CPU
		Debug|x64 = Debug|x64
		Debug|x86 = Debug|x86
		Release|Any CPU = Release|Any CPU
		Release|x64 = Release|x64
		Release|x86 = Release|x86
	EndGlobalSection
	GlobalSection(SolutionProperties) = preSolution
		HideSolutionNode = FALSE
	EndGlobalSection
	GlobalSection(ProjectConfigurationPlatforms) = postSolution
		{4D78D916-9EC4-4A42-9582-F903782C4225}.Debug|Any CPU.ActiveCfg = Debug|Any CPU
		{4D78D916-9EC4-4A42-9582-F903782C4225}.Debug|Any CPU.Build.0 = Debug|Any CPU
		{4D78D916-9EC4-4A42-9582-F903782C4225}.Debug|x64.ActiveCfg = Debug|Any CPU
		{4D78D916-9EC4-4A42-9582-F903782C4225}.Debug|x64.Build.0 = Debug|Any CPU
		{4D78D916-9EC4-4A42-9582-F903782C4225}.Debug|x86.ActiveCfg = Debug|Any CPU
		{4D78D916-9EC4-4A42-9582-F903782C4225}.Debug|x86.Build.0 = Debug|Any CPU
		{4D78D916-9EC4-4A42-9582-F903782C4225}.Release|Any CPU.ActiveCfg = Release|Any CPU
		{4D78D916-9EC4-4A42-9582-F903782C4225}.Release|Any CPU.Build.0 = Release|Any CPU
		{4D78D916-9EC4-4A42-9582-F903782C4225}.Release|x64.ActiveCfg = Release|Any CPU
		{4D78D916-9EC4-4A42-9582-F903782C4225}.Release|x64.Build.0 = Release|Any CPU
		{4D78D916-9EC4-4A42-9582-F903782C4225}.Release|x86.ActiveCfg = Release|Any CPU
		{4D78D916-9EC4-4A42-9582-F903782C4225}.Release|x86.Build.0 = Release|Any CPU
		{D611DD58-AFCC-4F99-8972-3D968ACA3AD4}.Debug|Any CPU.ActiveCfg = Debug|Any CPU
		{D611DD58-AFCC-4F99-8972-3D968ACA3AD4}.Debug|Any CPU.Build.0 = Debug|Any CPU
		{D611DD58-AFCC-4F99-8972-3D968ACA3AD4}.Debug|x64.ActiveCfg = Debug|Any CPU
		{D611DD58-AFCC-4F99-8972-3D968ACA3AD4}.Debug|x64.Build.0 = Debug|Any CPU
		{D611DD58-AFCC-4F99-8972-3D968ACA3AD4}.Debug|x86.ActiveCfg = Debug|Any CPU
		{D611DD58-AFCC-4F99-8972-3D968ACA3AD4}.Debug|x86.Build.0 = Debug|Any CPU
		{D611DD58-AFCC-4F99-8972-3D968ACA3AD4}.Release|Any CPU.ActiveCfg = Release|Any CPU
		{D611DD58-AFCC-4F99-8972-3D968ACA3AD4}.Release|Any CPU.Build.0 = Release|Any CPU
		{D611DD58-AFCC-4F99-8972-3D968ACA3AD4}.Release|x64.ActiveCfg = Release|Any CPU
		{D611DD58-AFCC-4F99-8972-3D968ACA3AD4}.Release|x64.Build.0 = Release|Any CPU
		{D611DD58-AFCC-4F99-8972-3D968ACA3AD4}.Release|x86.ActiveCfg = Release|Any CPU
		{D611DD58-AFCC-4F99-8972-3D968ACA3AD4}.Release|x86.Build.0 = Release|Any CPU
		{F8961919-030C-462C-A0D4-2A30FCF62ED7}.Debug|Any CPU.ActiveCfg = Debug|Any CPU
		{F8961919-030C-462C-A0D4-2A30FCF62ED7}.Debug|Any CPU.Build.0 = Debug|Any CPU
		{F8961919-030C-462C-A0D4-2A30FCF62ED7}.Debug|x64.ActiveCfg = Debug|Any CPU
		{F8961919-030C-462C-A0D4-2A30FCF62ED7}.Debug|x64.Build.0 = Debug|Any CPU
		{F8961919-030C-462C-A0D4-2A30FCF62ED7}.Debug|x86.ActiveCfg = Debug|Any CPU
		{F8961919-030C-462C-A0D4-2A30FCF62ED7}.Debug|x86.Build.0 = Debug|Any CPU
		{F8961919-030C-462C-A0D4-2A30FCF62ED7}.Release|Any CPU.ActiveCfg = Release|Any CPU
		{F8961919-030C-462C-A0D4-2A30FCF62ED7}.Release|Any CPU.Build.0 = Release|Any CPU
		{F8961919-030C-462C-A0D4-2A30FCF62ED7}.Release|x64.ActiveCfg = Release|Any CPU
		{F8961919-030C-462C-A0D4-2A30FCF62ED7}.Release|x64.Build.0 = Release|Any CPU
		{F8961919-030C-462C-A0D4-2A30FCF62ED7}.Release|x86.ActiveCfg = Release|Any CPU
		{F8961919-030C-462C-A0D4-2A30FCF62ED7}.Release|x86.Build.0 = Release|Any CPU
		{9DAA57EE-E338-4589-845F-4D6F11387944}.Debug|Any CPU.ActiveCfg = Debug|Any CPU
		{9DAA57EE-E338-4589-845F-4D6F11387944}.Debug|Any CPU.Build.0 = Debug|Any CPU
		{9DAA57EE-E338-4589-845F-4D6F11387944}.Debug|x64.ActiveCfg = Debug|Any CPU
		{9DAA57EE-E338-4589-845F-4D6F11387944}.Debug|x64.Build.0 = Debug|Any CPU
		{9DAA57EE-E338-4589-845F-4D6F11387944}.Debug|x86.ActiveCfg = Debug|Any CPU
		{9DAA57EE-E338-4589-845F-4D6F11387944}.Debug|x86.Build.0 = Debug|Any CPU
		{9DAA57EE-E338-4589-845F-4D6F11387944}.Release|Any CPU.ActiveCfg = Release|Any CPU
		{9DAA57EE-E338-4589-845F-4D6F11387944}.Release|Any CPU.Build.0 = Release|Any CPU
		{9DAA57EE-E338-4589-845F-4D6F11387944}.Release|x64.ActiveCfg = Release|Any CPU
		{9DAA57EE-E338-4589-845F-4D6F11387944}.Release|x64.Build.0 = Release|Any CPU
		{9DAA57EE-E338-4589-845F-4D6F11387944}.Release|x86.ActiveCfg = Release|Any CPU
		{9DAA57EE-E338-4589-845F-4D6F11387944}.Release|x86.Build.0 = Release|Any CPU
		{0E70A25A-5443-450A-841E-CDD728F59432}.Debug|Any CPU.ActiveCfg = Debug|Any CPU
		{0E70A25A-5443-450A-841E-CDD728F59432}.Debug|Any CPU.Build.0 = Debug|Any CPU
		{0E70A25A-5443-450A-841E-CDD728F59432}.Debug|x64.ActiveCfg = Debug|Any CPU
		{0E70A25A-5443-450A-841E-CDD728F59432}.Debug|x64.Build.0 = Debug|Any CPU
		{0E70A25A-5443-450A-841E-CDD728F59432}.Debug|x86.ActiveCfg = Debug|Any CPU
		{0E70A25A-5443-450A-841E-CDD728F59432}.Debug|x86.Build.0 = Debug|Any CPU
		{0E70A25A-5443-450A-841E-CDD728F59432}.Release|Any CPU.ActiveCfg = Release|Any CPU
		{0E70A25A-5443-450A-841E-CDD728F59432}.Release|Any CPU.Build.0 = Release|Any CPU
		{0E70A25A-5443-450A-841E-CDD728F59432}.Release|x64.ActiveCfg = Release|Any CPU
		{0E70A25A-5443-450A-841E-CDD728F59432}.Release|x64.Build.0 = Release|Any CPU
		{0E70A25A-5443-450A-841E-CDD728F59432}.Release|x86.ActiveCfg = Release|Any CPU
		{0E70A25A-5443-450A-841E-CDD728F59432}.Release|x86.Build.0 = Release|Any CPU
	EndGlobalSection
EndGlobal
